Microsoft Visual Studio Solution File, Format Version 12.00
# Visual Studio Version 17
VisualStudioVersion = 17.0.31903.59
MinimumVisualStudioVersion = 10.0.40219.1
Project("{EDE630C5-3DC8-475E-81C9-26A5F53F68AB}") = "Project_fa15b3d73fd6460cbcb8261f6774be77_20250619080304803670", "Project_fa15b3d73fd6460cbcb8261f6774be77_20250619080304803670.csproj", "{EDE630C5-3DC8-475E-81C9-26A5F53F68AB}"
EndProject
Global
    GlobalSection(SolutionConfigurationPlatforms) = preSolution
        Debug|Any CPU = Debug|Any CPU
        Release|Any CPU = Release|Any CPU
    EndGlobalSection
    GlobalSection(ProjectConfigurationPlatforms) = postSolution
        {EDE630C5-3DC8-475E-81C9-26A5F53F68AB}.Debug|Any CPU.ActiveCfg = Debug|Any CPU
        {EDE630C5-3DC8-475E-81C9-26A5F53F68AB}.Debug|Any CPU.Build.0 = Debug|Any CPU
        {EDE630C5-3DC8-475E-81C9-26A5F53F68AB}.Release|Any CPU.ActiveCfg = Release|Any CPU
        {EDE630C5-3DC8-475E-81C9-26A5F53F68AB}.Release|Any CPU.Build.0 = Release|Any CPU
    EndGlobalSection
EndGlobal